
Microsoft Visual Studio Solution File, Format Version 12.00
# Visual Studio Version 17
VisualStudioVersion = 17.3.32825.248
MinimumVisualStudioVersion = 10.0.40219.1
Project("{9A19103F-16F7-4668-BE54-9A1E7A4F7556}") = "MotorolaExam.API", "MotorolaExam.API\MotorolaExam.API.csproj", "{3F39C20D-E88A-4AAF-AFC7-390BF92AB1F1}"
EndProject
Project("{FAE04EC0-301F-11D3-BF4B-00C04F79EFBC}") = "MotorolaExam.AuthDB", "MotorolaExam.AuthDB\MotorolaExam.AuthDB.csproj", "{A5420BD9-49C7-4379-A40A-ACDF28EEA115}"
EndProject
Project("{FAE04EC0-301F-11D3-BF4B-00C04F79EFBC}") = "MotorolaExam.EntitiesDb", "MotorolaExam.EntitiesDb\MotorolaExam.EntitiesDb.csproj", "{F117C645-E6AA-4811-A9A7-43643C905488}"
EndProject
Global
	GlobalSection(SolutionConfigurationPlatforms) = preSolution
		Debug|Any CPU = Debug|Any CPU
		Release|Any CPU = Release|Any CPU
	EndGlobalSection
	GlobalSection(ProjectConfigurationPlatforms) = postSolution
		{3F39C20D-E88A-4AAF-AFC7-390BF92AB1F1}.Debug|Any CPU.ActiveCfg = Debug|Any CPU
		{3F39C20D-E88A-4AAF-AFC7-390BF92AB1F1}.Debug|Any CPU.Build.0 = Debug|Any CPU
		{3F39C20D-E88A-4AAF-AFC7-390BF92AB1F1}.Release|Any CPU.ActiveCfg = Release|Any CPU
		{3F39C20D-E88A-4AAF-AFC7-390BF92AB1F1}.Release|Any CPU.Build.0 = Release|Any CPU
		{A5420BD9-49C7-4379-A40A-ACDF28EEA115}.Debug|Any CPU.ActiveCfg = Debug|Any CPU
		{A5420BD9-49C7-4379-A40A-ACDF28EEA115}.Debug|Any CPU.Build.0 = Debug|Any CPU
		{A5420BD9-49C7-4379-A40A-ACDF28EEA115}.Release|Any CPU.ActiveCfg = Release|Any CPU
		{A5420BD9-49C7-4379-A40A-ACDF28EEA115}.Release|Any CPU.Build.0 = Release|Any CPU
		{F117C645-E6AA-4811-A9A7-43643C905488}.Debug|Any CPU.ActiveCfg = Debug|Any CPU
		{F117C645-E6AA-4811-A9A7-43643C905488}.Debug|Any CPU.Build.0 = Debug|Any CPU
		{F117C645-E6AA-4811-A9A7-43643C905488}.Release|Any CPU.ActiveCfg = Release|Any CPU
		{F117C645-E6AA-4811-A9A7-43643C905488}.Release|Any CPU.Build.0 = Release|Any CPU
	EndGlobalSection
	GlobalSection(SolutionProperties) = preSolution
		HideSolutionNode = FALSE
	EndGlobalSection
	GlobalSection(ExtensibilityGlobals) = postSolution
		SolutionGuid = {54E3063E-72EB-400A-AC21-350647276292}
	EndGlobalSection
EndGlobal
